PODS:
  - JXEfficient (0.2.85)
  - Masonry (1.1.0)

DEPENDENCIES:
  - JXEfficient (from `../`)
  - Masonry (= 1.1.0)

SPEC REPOS:
  https://github.com/cocoapods/specs.git:
    - Masonry

EXTERNAL SOURCES:
  JXEfficient:
    :path: "../"

SPEC CHECKSUMS:
  JXEfficient: 0c012e2603d9f40a8c613aa38e6aba2553d9e250
  Masonry: 678fab65091a9290e40e2832a55e7ab731aad201

PODFILE CHECKSUM: c6158179c97fc62d0c5558e2381306797d580fba

COCOAPODS: 1.7.2
