PODS:
  - JXEfficient (0.2.72)
  - Masonry (1.1.0)

DEPENDENCIES:
  - JXEfficient (from `../`)
  - Masonry (= 1.1.0)

SPEC REPOS:
  https://github.com/cocoapods/specs.git:
    - Masonry

EXTERNAL SOURCES:
  JXEfficient:
    :path: "../"

SPEC CHECKSUMS:
  JXEfficient: ec920a9716b149fab9ecfaa931e2dadcc3cb7a44
  Masonry: 678fab65091a9290e40e2832a55e7ab731aad201

PODFILE CHECKSUM: c6158179c97fc62d0c5558e2381306797d580fba

COCOAPODS: 1.7.2
